
Microsoft Visual Studio Solution File, Format Version 12.00
# Visual Studio 15
VisualStudioVersion = 15.0.28010.2041
MinimumVisualStudioVersion = 10.0.40219.1
Project("{9A19103F-16F7-4668-BE54-9A1E7A4F7556}") = "Slurper", "Slurper\Slurper.csproj", "{BEE572DC-3F0A-48F1-8A7F-6FFE37F4A6AE}"
EndProject
Project("{FAE04EC0-301F-11D3-BF4B-00C04F79EFBC}") = "SlurperTests", "SlurperTests\SlurperTests.csproj", "{3E1B24E0-8765-4797-AEB0-1F9031EC1E64}"
EndProject
Global
	GlobalSection(SolutionConfigurationPlatforms) = preSolution
		Debug|Any CPU = Debug|Any CPU
		Debug|x64 = Debug|x64
		Release|Any CPU = Release|Any CPU
		Release|x64 = Release|x64
	EndGlobalSection
	GlobalSection(ProjectConfigurationPlatforms) = postSolution
		{BEE572DC-3F0A-48F1-8A7F-6FFE37F4A6AE}.Debug|Any CPU.ActiveCfg = Debug|Any CPU
		{BEE572DC-3F0A-48F1-8A7F-6FFE37F4A6AE}.Debug|Any CPU.Build.0 = Debug|Any CPU
		{BEE572DC-3F0A-48F1-8A7F-6FFE37F4A6AE}.Debug|x64.ActiveCfg = Debug|Any CPU
		{BEE572DC-3F0A-48F1-8A7F-6FFE37F4A6AE}.Debug|x64.Build.0 = Debug|Any CPU
		{BEE572DC-3F0A-48F1-8A7F-6FFE37F4A6AE}.Release|Any CPU.ActiveCfg = Release|Any CPU
		{BEE572DC-3F0A-48F1-8A7F-6FFE37F4A6AE}.Release|Any CPU.Build.0 = Release|Any CPU
		{BEE572DC-3F0A-48F1-8A7F-6FFE37F4A6AE}.Release|x64.ActiveCfg = Release|Any CPU
		{BEE572DC-3F0A-48F1-8A7F-6FFE37F4A6AE}.Release|x64.Build.0 = Release|Any CPU
		{3E1B24E0-8765-4797-AEB0-1F9031EC1E64}.Debug|Any CPU.ActiveCfg = Debug|Any CPU
		{3E1B24E0-8765-4797-AEB0-1F9031EC1E64}.Debug|Any CPU.Build.0 = Debug|Any CPU
		{3E1B24E0-8765-4797-AEB0-1F9031EC1E64}.Debug|x64.ActiveCfg = Debug|Any CPU
		{3E1B24E0-8765-4797-AEB0-1F9031EC1E64}.Debug|x64.Build.0 = Debug|Any CPU
		{3E1B24E0-8765-4797-AEB0-1F9031EC1E64}.Release|Any CPU.ActiveCfg = Release|Any CPU
		{3E1B24E0-8765-4797-AEB0-1F9031EC1E64}.Release|Any CPU.Build.0 = Release|Any CPU
		{3E1B24E0-8765-4797-AEB0-1F9031EC1E64}.Release|x64.ActiveCfg = Release|Any CPU
		{3E1B24E0-8765-4797-AEB0-1F9031EC1E64}.Release|x64.Build.0 = Release|Any CPU
	EndGlobalSection
	GlobalSection(SolutionProperties) = preSolution
		HideSolutionNode = FALSE
	EndGlobalSection
	GlobalSection(ExtensibilityGlobals) = postSolution
		SolutionGuid = {9612019B-8DF1-4229-9553-C539EDAECAE2}
	EndGlobalSection
EndGlobal
